
Microsoft Visual Studio Solution File, Format Version 12.00
# Visual Studio Version 16
VisualStudioVersion = 16.0.31205.134
MinimumVisualStudioVersion = 10.0.40219.1
Project("{FAE04EC0-301F-11D3-BF4B-00C04F79EFBC}") = "Task.HW6", "Task.HW6.csproj", "{1760C446-8364-447A-9CFA-8A8F414A66F6}"
EndProject
Global
	GlobalSection(SolutionConfigurationPlatforms) = preSolution
		Debug|Any CPU = Debug|Any CPU
		Release|Any CPU = Release|Any CPU
	EndGlobalSection
	GlobalSection(ProjectConfigurationPlatforms) = postSolution
		{1760C446-8364-447A-9CFA-8A8F414A66F6}.Debug|Any CPU.ActiveCfg = Debug|Any CPU
		{1760C446-8364-447A-9CFA-8A8F414A66F6}.Debug|Any CPU.Build.0 = Debug|Any CPU
		{1760C446-8364-447A-9CFA-8A8F414A66F6}.Release|Any CPU.ActiveCfg = Release|Any CPU
		{1760C446-8364-447A-9CFA-8A8F414A66F6}.Release|Any CPU.Build.0 = Release|Any CPU
	EndGlobalSection
	GlobalSection(SolutionProperties) = preSolution
		HideSolutionNode = FALSE
	EndGlobalSection
	GlobalSection(ExtensibilityGlobals) = postSolution
		SolutionGuid = {635E258B-1078-4C2E-8A7C-B5CE126F8025}
	EndGlobalSection
EndGlobal
