
Microsoft Visual Studio Solution File, Format Version 12.00
# Visual Studio Version 16
VisualStudioVersion = 16.0.31205.134
MinimumVisualStudioVersion = 10.0.40219.1
Project("{FAE04EC0-301F-11D3-BF4B-00C04F79EFBC}") = "HW8", "HW8.csproj", "{223C8607-1451-477D-831C-982B7F8F28F3}"
EndProject
Global
	GlobalSection(SolutionConfigurationPlatforms) = preSolution
		Debug|Any CPU = Debug|Any CPU
		Release|Any CPU = Release|Any CPU
	EndGlobalSection
	GlobalSection(ProjectConfigurationPlatforms) = postSolution
		{223C8607-1451-477D-831C-982B7F8F28F3}.Debug|Any CPU.ActiveCfg = Debug|Any CPU
		{223C8607-1451-477D-831C-982B7F8F28F3}.Debug|Any CPU.Build.0 = Debug|Any CPU
		{223C8607-1451-477D-831C-982B7F8F28F3}.Release|Any CPU.ActiveCfg = Release|Any CPU
		{223C8607-1451-477D-831C-982B7F8F28F3}.Release|Any CPU.Build.0 = Release|Any CPU
	EndGlobalSection
	GlobalSection(SolutionProperties) = preSolution
		HideSolutionNode = FALSE
	EndGlobalSection
	GlobalSection(ExtensibilityGlobals) = postSolution
		SolutionGuid = {3B740316-F618-42A5-8360-002ACDBD7B9D}
	EndGlobalSection
EndGlobal
