
Microsoft Visual Studio Solution File, Format Version 12.00
# Visual Studio Version 16
VisualStudioVersion = 16.0.31205.134
MinimumVisualStudioVersion = 10.0.40219.1
Project("{FAE04EC0-301F-11D3-BF4B-00C04F79EFBC}") = "Task3", "Task3.csproj", "{7FB6DB84-D628-4BCA-800C-60CC6588E91D}"
EndProject
Global
	GlobalSection(SolutionConfigurationPlatforms) = preSolution
		Debug|Any CPU = Debug|Any CPU
		Release|Any CPU = Release|Any CPU
	EndGlobalSection
	GlobalSection(ProjectConfigurationPlatforms) = postSolution
		{7FB6DB84-D628-4BCA-800C-60CC6588E91D}.Debug|Any CPU.ActiveCfg = Debug|Any CPU
		{7FB6DB84-D628-4BCA-800C-60CC6588E91D}.Debug|Any CPU.Build.0 = Debug|Any CPU
		{7FB6DB84-D628-4BCA-800C-60CC6588E91D}.Release|Any CPU.ActiveCfg = Release|Any CPU
		{7FB6DB84-D628-4BCA-800C-60CC6588E91D}.Release|Any CPU.Build.0 = Release|Any CPU
	EndGlobalSection
	GlobalSection(SolutionProperties) = preSolution
		HideSolutionNode = FALSE
	EndGlobalSection
	GlobalSection(ExtensibilityGlobals) = postSolution
		SolutionGuid = {CE356EDA-7D27-4B37-B7B2-C7A3D2CDE41F}
	EndGlobalSection
EndGlobal
