
Microsoft Visual Studio Solution File, Format Version 12.00
# Visual Studio Version 16
VisualStudioVersion = 16.0.31205.134
MinimumVisualStudioVersion = 10.0.40219.1
Project("{FAE04EC0-301F-11D3-BF4B-00C04F79EFBC}") = "HW2", "HW2.csproj", "{D677EE19-E9DA-4F1E-A436-5BAD0CDEE937}"
EndProject
Global
	GlobalSection(SolutionConfigurationPlatforms) = preSolution
		Debug|Any CPU = Debug|Any CPU
		Release|Any CPU = Release|Any CPU
	EndGlobalSection
	GlobalSection(ProjectConfigurationPlatforms) = postSolution
		{D677EE19-E9DA-4F1E-A436-5BAD0CDEE937}.Debug|Any CPU.ActiveCfg = Debug|Any CPU
		{D677EE19-E9DA-4F1E-A436-5BAD0CDEE937}.Debug|Any CPU.Build.0 = Debug|Any CPU
		{D677EE19-E9DA-4F1E-A436-5BAD0CDEE937}.Release|Any CPU.ActiveCfg = Release|Any CPU
		{D677EE19-E9DA-4F1E-A436-5BAD0CDEE937}.Release|Any CPU.Build.0 = Release|Any CPU
	EndGlobalSection
	GlobalSection(SolutionProperties) = preSolution
		HideSolutionNode = FALSE
	EndGlobalSection
	GlobalSection(ExtensibilityGlobals) = postSolution
		SolutionGuid = {199585CB-A799-4ACB-ACE0-F7FDD3D53167}
	EndGlobalSection
EndGlobal
